
Microsoft Visual Studio Solution File, Format Version 12.00
# Visual Studio Version 17
VisualStudioVersion = 17.13.35806.99 d17.13
MinimumVisualStudioVersion = 10.0.40219.1
Project("{FAE04EC0-301F-11D3-BF4B-00C04F79EFBC}") = "SocialMediaApp", "SocialMediaApp\SocialMediaApp.csproj", "{DBF238F0-B598-484B-AC8C-CF9959188F23}"
EndProject
Global
	GlobalSection(SolutionConfigurationPlatforms) = preSolution
		Debug|Any CPU = Debug|Any CPU
		Release|Any CPU = Release|Any CPU
	EndGlobalSection
	GlobalSection(ProjectConfigurationPlatforms) = postSolution
		{DBF238F0-B598-484B-AC8C-CF9959188F23}.Debug|Any CPU.ActiveCfg = Debug|Any CPU
		{DBF238F0-B598-484B-AC8C-CF9959188F23}.Debug|Any CPU.Build.0 = Debug|Any CPU
		{DBF238F0-B598-484B-AC8C-CF9959188F23}.Release|Any CPU.ActiveCfg = Release|Any CPU
		{DBF238F0-B598-484B-AC8C-CF9959188F23}.Release|Any CPU.Build.0 = Release|Any CPU
	EndGlobalSection
	GlobalSection(SolutionProperties) = preSolution
		HideSolutionNode = FALSE
	EndGlobalSection
	GlobalSection(ExtensibilityGlobals) = postSolution
		SolutionGuid = {68E2BE59-691D-4C6B-84ED-CC61F0116CC4}
	EndGlobalSection
EndGlobal
